
Microsoft Visual Studio Solution File, Format Version 12.00
# Visual Studio 15
VisualStudioVersion = 15.0.28010.2016
MinimumVisualStudioVersion = 10.0.40219.1
Project("{FAE04EC0-301F-11D3-BF4B-00C04F79EFBC}") = "Stocks.Android", "Stocks\Stocks.Android\Stocks.Android.csproj", "{7B0E6C3A-F229-4809-9234-68EC5DCAACF7}"
EndProject
Project("{FAE04EC0-301F-11D3-BF4B-00C04F79EFBC}") = "Stocks.iOS", "Stocks\Stocks.iOS\Stocks.iOS.csproj", "{E8597573-C5CD-4DD9-910F-66C1F27D500B}"
EndProject
Project("{9A19103F-16F7-4668-BE54-9A1E7A4F7556}") = "Stocks", "Stocks\Stocks\Stocks.csproj", "{2BA837A1-2F0C-4FD6-8D7C-98B6E71F0CBF}"
EndProject
Project("{FAE04EC0-301F-11D3-BF4B-00C04F79EFBC}") = "Stocks.Test", "Stocks.Test\Stocks.Test.csproj", "{E9E92F8D-AEE5-4F0B-8C94-31AE1B6D394C}"
EndProject
Global
	GlobalSection(SolutionConfigurationPlatforms) = preSolution
		Ad-Hoc|Any CPU = Ad-Hoc|Any CPU
		Ad-Hoc|iPhone = Ad-Hoc|iPhone
		Ad-Hoc|iPhoneSimulator = Ad-Hoc|iPhoneSimulator
		AppStore|Any CPU = AppStore|Any CPU
		AppStore|iPhone = AppStore|iPhone
		AppStore|iPhoneSimulator = AppStore|iPhoneSimulator
		Debug|Any CPU = Debug|Any CPU
		Debug|iPhone = Debug|iPhone
		Debug|iPhoneSimulator = Debug|iPhoneSimulator
		Release|Any CPU = Release|Any CPU
		Release|iPhone = Release|iPhone
		Release|iPhoneSimulator = Release|iPhoneSimulator
	EndGlobalSection
	GlobalSection(ProjectConfigurationPlatforms) = postSolution
		{7B0E6C3A-F229-4809-9234-68EC5DCAACF7}.Ad-Hoc|Any CPU.ActiveCfg = Release|Any CPU
		{7B0E6C3A-F229-4809-9234-68EC5DCAACF7}.Ad-Hoc|Any CPU.Build.0 = Release|Any CPU
		{7B0E6C3A-F229-4809-9234-68EC5DCAACF7}.Ad-Hoc|Any CPU.Deploy.0 = Release|Any CPU
		{7B0E6C3A-F229-4809-9234-68EC5DCAACF7}.Ad-Hoc|iPhone.ActiveCfg = Release|Any CPU
		{7B0E6C3A-F229-4809-9234-68EC5DCAACF7}.Ad-Hoc|iPhone.Build.0 = Release|Any CPU
		{7B0E6C3A-F229-4809-9234-68EC5DCAACF7}.Ad-Hoc|iPhone.Deploy.0 = Release|Any CPU
		{7B0E6C3A-F229-4809-9234-68EC5DCAACF7}.Ad-Hoc|iPhoneSimulator.ActiveCfg = Release|Any CPU
		{7B0E6C3A-F229-4809-9234-68EC5DCAACF7}.Ad-Hoc|iPhoneSimulator.Build.0 = Release|Any CPU
		{7B0E6C3A-F229-4809-9234-68EC5DCAACF7}.Ad-Hoc|iPhoneSimulator.Deploy.0 = Release|Any CPU
		{7B0E6C3A-F229-4809-9234-68EC5DCAACF7}.AppStore|Any CPU.ActiveCfg = Release|Any CPU
		{7B0E6C3A-F229-4809-9234-68EC5DCAACF7}.AppStore|Any CPU.Build.0 = Release|Any CPU
		{7B0E6C3A-F229-4809-9234-68EC5DCAACF7}.AppStore|Any CPU.Deploy.0 = Release|Any CPU
		{7B0E6C3A-F229-4809-9234-68EC5DCAACF7}.AppStore|iPhone.ActiveCfg = Release|Any CPU
		{7B0E6C3A-F229-4809-9234-68EC5DCAACF7}.AppStore|iPhone.Build.0 = Release|Any CPU
		{7B0E6C3A-F229-4809-9234-68EC5DCAACF7}.AppStore|iPhone.Deploy.0 = Release|Any CPU
		{7B0E6C3A-F229-4809-9234-68EC5DCAACF7}.AppStore|iPhoneSimulator.ActiveCfg = Release|Any CPU
		{7B0E6C3A-F229-4809-9234-68EC5DCAACF7}.AppStore|iPhoneSimulator.Build.0 = Release|Any CPU
		{7B0E6C3A-F229-4809-9234-68EC5DCAACF7}.AppStore|iPhoneSimulator.Deploy.0 = Release|Any CPU
		{7B0E6C3A-F229-4809-9234-68EC5DCAACF7}.Debug|Any CPU.ActiveCfg = Debug|Any CPU
		{7B0E6C3A-F229-4809-9234-68EC5DCAACF7}.Debug|Any CPU.Build.0 = Debug|Any CPU
		{7B0E6C3A-F229-4809-9234-68EC5DCAACF7}.Debug|Any CPU.Deploy.0 = Debug|Any CPU
		{7B0E6C3A-F229-4809-9234-68EC5DCAACF7}.Debug|iPhone.ActiveCfg = Debug|Any CPU
		{7B0E6C3A-F229-4809-9234-68EC5DCAACF7}.Debug|iPhone.Build.0 = Debug|Any CPU
		{7B0E6C3A-F229-4809-9234-68EC5DCAACF7}.Debug|iPhone.Deploy.0 = Debug|Any CPU
		{7B0E6C3A-F229-4809-9234-68EC5DCAACF7}.Debug|iPhoneSimulator.ActiveCfg = Debug|Any CPU
		{7B0E6C3A-F229-4809-9234-68EC5DCAACF7}.Debug|iPhoneSimulator.Build.0 = Debug|Any CPU
		{7B0E6C3A-F229-4809-9234-68EC5DCAACF7}.Debug|iPhoneSimulator.Deploy.0 = Debug|Any CPU
		{7B0E6C3A-F229-4809-9234-68EC5DCAACF7}.Release|Any CPU.ActiveCfg = Release|Any CPU
		{7B0E6C3A-F229-4809-9234-68EC5DCAACF7}.Release|Any CPU.Build.0 = Release|Any CPU
		{7B0E6C3A-F229-4809-9234-68EC5DCAACF7}.Release|Any CPU.Deploy.0 = Release|Any CPU
		{7B0E6C3A-F229-4809-9234-68EC5DCAACF7}.Release|iPhone.ActiveCfg = Release|Any CPU
		{7B0E6C3A-F229-4809-9234-68EC5DCAACF7}.Release|iPhone.Build.0 = Release|Any CPU
		{7B0E6C3A-F229-4809-9234-68EC5DCAACF7}.Release|iPhone.Deploy.0 = Release|Any CPU
		{7B0E6C3A-F229-4809-9234-68EC5DCAACF7}.Release|iPhoneSimulator.ActiveCfg = Release|Any CPU
		{7B0E6C3A-F229-4809-9234-68EC5DCAACF7}.Release|iPhoneSimulator.Build.0 = Release|Any CPU
		{7B0E6C3A-F229-4809-9234-68EC5DCAACF7}.Release|iPhoneSimulator.Deploy.0 = Release|Any CPU
		{E8597573-C5CD-4DD9-910F-66C1F27D500B}.Ad-Hoc|Any CPU.ActiveCfg = Ad-Hoc|iPhone
		{E8597573-C5CD-4DD9-910F-66C1F27D500B}.Ad-Hoc|Any CPU.Build.0 = Ad-Hoc|iPhone
		{E8597573-C5CD-4DD9-910F-66C1F27D500B}.Ad-Hoc|Any CPU.Deploy.0 = Ad-Hoc|iPhone
		{E8597573-C5CD-4DD9-910F-66C1F27D500B}.Ad-Hoc|iPhone.ActiveCfg = Ad-Hoc|iPhone
		{E8597573-C5CD-4DD9-910F-66C1F27D500B}.Ad-Hoc|iPhone.Build.0 = Ad-Hoc|iPhone
		{E8597573-C5CD-4DD9-910F-66C1F27D500B}.Ad-Hoc|iPhone.Deploy.0 = Ad-Hoc|iPhone
		{E8597573-C5CD-4DD9-910F-66C1F27D500B}.Ad-Hoc|iPhoneSimulator.ActiveCfg = Ad-Hoc|iPhoneSimulator
		{E8597573-C5CD-4DD9-910F-66C1F27D500B}.Ad-Hoc|iPhoneSimulator.Build.0 = Ad-Hoc|iPhoneSimulator
		{E8597573-C5CD-4DD9-910F-66C1F27D500B}.Ad-Hoc|iPhoneSimulator.Deploy.0 = Ad-Hoc|iPhoneSimulator
		{E8597573-C5CD-4DD9-910F-66C1F27D500B}.AppStore|Any CPU.ActiveCfg = AppStore|iPhone
		{E8597573-C5CD-4DD9-910F-66C1F27D500B}.AppStore|Any CPU.Build.0 = AppStore|iPhone
		{E8597573-C5CD-4DD9-910F-66C1F27D500B}.AppStore|Any CPU.Deploy.0 = AppStore|iPhone
		{E8597573-C5CD-4DD9-910F-66C1F27D500B}.AppStore|iPhone.ActiveCfg = AppStore|iPhone
		{E8597573-C5CD-4DD9-910F-66C1F27D500B}.AppStore|iPhone.Build.0 = AppStore|iPhone
		{E8597573-C5CD-4DD9-910F-66C1F27D500B}.AppStore|iPhone.Deploy.0 = AppStore|iPhone
		{E8597573-C5CD-4DD9-910F-66C1F27D500B}.AppStore|iPhoneSimulator.ActiveCfg = AppStore|iPhoneSimulator
		{E8597573-C5CD-4DD9-910F-66C1F27D500B}.AppStore|iPhoneSimulator.Build.0 = AppStore|iPhoneSimulator
		{E8597573-C5CD-4DD9-910F-66C1F27D500B}.AppStore|iPhoneSimulator.Deploy.0 = AppStore|iPhoneSimulator
		{E8597573-C5CD-4DD9-910F-66C1F27D500B}.Debug|Any CPU.ActiveCfg = Debug|iPhoneSimulator
		{E8597573-C5CD-4DD9-910F-66C1F27D500B}.Debug|Any CPU.Build.0 = Debug|iPhoneSimulator
		{E8597573-C5CD-4DD9-910F-66C1F27D500B}.Debug|Any CPU.Deploy.0 = Debug|iPhoneSimulator
		{E8597573-C5CD-4DD9-910F-66C1F27D500B}.Debug|iPhone.ActiveCfg = Debug|iPhone
		{E8597573-C5CD-4DD9-910F-66C1F27D500B}.Debug|iPhone.Build.0 = Debug|iPhone
		{E8597573-C5CD-4DD9-910F-66C1F27D500B}.Debug|iPhone.Deploy.0 = Debug|iPhone
		{E8597573-C5CD-4DD9-910F-66C1F27D500B}.Debug|iPhoneSimulator.ActiveCfg = Debug|iPhoneSimulator
		{E8597573-C5CD-4DD9-910F-66C1F27D500B}.Debug|iPhoneSimulator.Build.0 = Debug|iPhoneSimulator
		{E8597573-C5CD-4DD9-910F-66C1F27D500B}.Debug|iPhoneSimulator.Deploy.0 = Debug|iPhoneSimulator
		{E8597573-C5CD-4DD9-910F-66C1F27D500B}.Release|Any CPU.ActiveCfg = Release|iPhone
		{E8597573-C5CD-4DD9-910F-66C1F27D500B}.Release|Any CPU.Build.0 = Release|iPhone
		{E8597573-C5CD-4DD9-910F-66C1F27D500B}.Release|Any CPU.Deploy.0 = Release|iPhone
		{E8597573-C5CD-4DD9-910F-66C1F27D500B}.Release|iPhone.ActiveCfg = Release|iPhone
		{E8597573-C5CD-4DD9-910F-66C1F27D500B}.Release|iPhone.Build.0 = Release|iPhone
		{E8597573-C5CD-4DD9-910F-66C1F27D500B}.Release|iPhone.Deploy.0 = Release|iPhone
		{E8597573-C5CD-4DD9-910F-66C1F27D500B}.Release|iPhoneSimulator.ActiveCfg = Release|iPhoneSimulator
		{E8597573-C5CD-4DD9-910F-66C1F27D500B}.Release|iPhoneSimulator.Build.0 = Release|iPhoneSimulator
		{E8597573-C5CD-4DD9-910F-66C1F27D500B}.Release|iPhoneSimulator.Deploy.0 = Release|iPhoneSimulator
		{2BA837A1-2F0C-4FD6-8D7C-98B6E71F0CBF}.Ad-Hoc|Any CPU.ActiveCfg = Debug|Any CPU
		{2BA837A1-2F0C-4FD6-8D7C-98B6E71F0CBF}.Ad-Hoc|Any CPU.Build.0 = Debug|Any CPU
		{2BA837A1-2F0C-4FD6-8D7C-98B6E71F0CBF}.Ad-Hoc|Any CPU.Deploy.0 = Debug|Any CPU
		{2BA837A1-2F0C-4FD6-8D7C-98B6E71F0CBF}.Ad-Hoc|iPhone.ActiveCfg = Debug|Any CPU
		{2BA837A1-2F0C-4FD6-8D7C-98B6E71F0CBF}.Ad-Hoc|iPhone.Build.0 = Debug|Any CPU
		{2BA837A1-2F0C-4FD6-8D7C-98B6E71F0CBF}.Ad-Hoc|iPhone.Deploy.0 = Debug|Any CPU
		{2BA837A1-2F0C-4FD6-8D7C-98B6E71F0CBF}.Ad-Hoc|iPhoneSimulator.ActiveCfg = Debug|Any CPU
		{2BA837A1-2F0C-4FD6-8D7C-98B6E71F0CBF}.Ad-Hoc|iPhoneSimulator.Build.0 = Debug|Any CPU
		{2BA837A1-2F0C-4FD6-8D7C-98B6E71F0CBF}.Ad-Hoc|iPhoneSimulator.Deploy.0 = Debug|Any CPU
		{2BA837A1-2F0C-4FD6-8D7C-98B6E71F0CBF}.AppStore|Any CPU.ActiveCfg = Debug|Any CPU
		{2BA837A1-2F0C-4FD6-8D7C-98B6E71F0CBF}.AppStore|Any CPU.Build.0 = Debug|Any CPU
		{2BA837A1-2F0C-4FD6-8D7C-98B6E71F0CBF}.AppStore|Any CPU.Deploy.0 = Debug|Any CPU
		{2BA837A1-2F0C-4FD6-8D7C-98B6E71F0CBF}.AppStore|iPhone.ActiveCfg = Debug|Any CPU
		{2BA837A1-2F0C-4FD6-8D7C-98B6E71F0CBF}.AppStore|iPhone.Build.0 = Debug|Any CPU
		{2BA837A1-2F0C-4FD6-8D7C-98B6E71F0CBF}.AppStore|iPhone.Deploy.0 = Debug|Any CPU
		{2BA837A1-2F0C-4FD6-8D7C-98B6E71F0CBF}.AppStore|iPhoneSimulator.ActiveCfg = Debug|Any CPU
		{2BA837A1-2F0C-4FD6-8D7C-98B6E71F0CBF}.AppStore|iPhoneSimulator.Build.0 = Debug|Any CPU
		{2BA837A1-2F0C-4FD6-8D7C-98B6E71F0CBF}.AppStore|iPhoneSimulator.Deploy.0 = Debug|Any CPU
		{2BA837A1-2F0C-4FD6-8D7C-98B6E71F0CBF}.Debug|Any CPU.ActiveCfg = Debug|Any CPU
		{2BA837A1-2F0C-4FD6-8D7C-98B6E71F0CBF}.Debug|Any CPU.Build.0 = Debug|Any CPU
		{2BA837A1-2F0C-4FD6-8D7C-98B6E71F0CBF}.Debug|Any CPU.Deploy.0 = Debug|Any CPU
		{2BA837A1-2F0C-4FD6-8D7C-98B6E71F0CBF}.Debug|iPhone.ActiveCfg = Debug|Any CPU
		{2BA837A1-2F0C-4FD6-8D7C-98B6E71F0CBF}.Debug|iPhone.Build.0 = Debug|Any CPU
		{2BA837A1-2F0C-4FD6-8D7C-98B6E71F0CBF}.Debug|iPhone.Deploy.0 = Debug|Any CPU
		{2BA837A1-2F0C-4FD6-8D7C-98B6E71F0CBF}.Debug|iPhoneSimulator.ActiveCfg = Debug|Any CPU
		{2BA837A1-2F0C-4FD6-8D7C-98B6E71F0CBF}.Debug|iPhoneSimulator.Build.0 = Debug|Any CPU
		{2BA837A1-2F0C-4FD6-8D7C-98B6E71F0CBF}.Debug|iPhoneSimulator.Deploy.0 = Debug|Any CPU
		{2BA837A1-2F0C-4FD6-8D7C-98B6E71F0CBF}.Release|Any CPU.ActiveCfg = Release|Any CPU
		{2BA837A1-2F0C-4FD6-8D7C-98B6E71F0CBF}.Release|Any CPU.Build.0 = Release|Any CPU
		{2BA837A1-2F0C-4FD6-8D7C-98B6E71F0CBF}.Release|Any CPU.Deploy.0 = Release|Any CPU
		{2BA837A1-2F0C-4FD6-8D7C-98B6E71F0CBF}.Release|iPhone.ActiveCfg = Release|Any CPU
		{2BA837A1-2F0C-4FD6-8D7C-98B6E71F0CBF}.Release|iPhone.Build.0 = Release|Any CPU
		{2BA837A1-2F0C-4FD6-8D7C-98B6E71F0CBF}.Release|iPhone.Deploy.0 = Release|Any CPU
		{2BA837A1-2F0C-4FD6-8D7C-98B6E71F0CBF}.Release|iPhoneSimulator.ActiveCfg = Release|Any CPU
		{2BA837A1-2F0C-4FD6-8D7C-98B6E71F0CBF}.Release|iPhoneSimulator.Build.0 = Release|Any CPU
		{2BA837A1-2F0C-4FD6-8D7C-98B6E71F0CBF}.Release|iPhoneSimulator.Deploy.0 = Release|Any CPU
		{E9E92F8D-AEE5-4F0B-8C94-31AE1B6D394C}.Ad-Hoc|Any CPU.ActiveCfg = Debug|Any CPU
		{E9E92F8D-AEE5-4F0B-8C94-31AE1B6D394C}.Ad-Hoc|Any CPU.Build.0 = Debug|Any CPU
		{E9E92F8D-AEE5-4F0B-8C94-31AE1B6D394C}.Ad-Hoc|iPhone.ActiveCfg = Debug|Any CPU
		{E9E92F8D-AEE5-4F0B-8C94-31AE1B6D394C}.Ad-Hoc|iPhone.Build.0 = Debug|Any CPU
		{E9E92F8D-AEE5-4F0B-8C94-31AE1B6D394C}.Ad-Hoc|iPhoneSimulator.ActiveCfg = Debug|Any CPU
		{E9E92F8D-AEE5-4F0B-8C94-31AE1B6D394C}.Ad-Hoc|iPhoneSimulator.Build.0 = Debug|Any CPU
		{E9E92F8D-AEE5-4F0B-8C94-31AE1B6D394C}.AppStore|Any CPU.ActiveCfg = Debug|Any CPU
		{E9E92F8D-AEE5-4F0B-8C94-31AE1B6D394C}.AppStore|Any CPU.Build.0 = Debug|Any CPU
		{E9E92F8D-AEE5-4F0B-8C94-31AE1B6D394C}.AppStore|iPhone.ActiveCfg = Debug|Any CPU
		{E9E92F8D-AEE5-4F0B-8C94-31AE1B6D394C}.AppStore|iPhone.Build.0 = Debug|Any CPU
		{E9E92F8D-AEE5-4F0B-8C94-31AE1B6D394C}.AppStore|iPhoneSimulator.ActiveCfg = Debug|Any CPU
		{E9E92F8D-AEE5-4F0B-8C94-31AE1B6D394C}.AppStore|iPhoneSimulator.Build.0 = Debug|Any CPU
		{E9E92F8D-AEE5-4F0B-8C94-31AE1B6D394C}.Debug|Any CPU.ActiveCfg = Debug|Any CPU
		{E9E92F8D-AEE5-4F0B-8C94-31AE1B6D394C}.Debug|Any CPU.Build.0 = Debug|Any CPU
		{E9E92F8D-AEE5-4F0B-8C94-31AE1B6D394C}.Debug|iPhone.ActiveCfg = Debug|Any CPU
		{E9E92F8D-AEE5-4F0B-8C94-31AE1B6D394C}.Debug|iPhone.Build.0 = Debug|Any CPU
		{E9E92F8D-AEE5-4F0B-8C94-31AE1B6D394C}.Debug|iPhoneSimulator.ActiveCfg = Debug|Any CPU
		{E9E92F8D-AEE5-4F0B-8C94-31AE1B6D394C}.Debug|iPhoneSimulator.Build.0 = Debug|Any CPU
		{E9E92F8D-AEE5-4F0B-8C94-31AE1B6D394C}.Release|Any CPU.ActiveCfg = Release|Any CPU
		{E9E92F8D-AEE5-4F0B-8C94-31AE1B6D394C}.Release|Any CPU.Build.0 = Release|Any CPU
		{E9E92F8D-AEE5-4F0B-8C94-31AE1B6D394C}.Release|iPhone.ActiveCfg = Release|Any CPU
		{E9E92F8D-AEE5-4F0B-8C94-31AE1B6D394C}.Release|iPhone.Build.0 = Release|Any CPU
		{E9E92F8D-AEE5-4F0B-8C94-31AE1B6D394C}.Release|iPhoneSimulator.ActiveCfg = Release|Any CPU
		{E9E92F8D-AEE5-4F0B-8C94-31AE1B6D394C}.Release|iPhoneSimulator.Build.0 = Release|Any CPU
	EndGlobalSection
	GlobalSection(SolutionProperties) = preSolution
		HideSolutionNode = FALSE
	EndGlobalSection
	GlobalSection(ExtensibilityGlobals) = postSolution
		SolutionGuid = {82DA869B-1C55-4ECB-BB0F-67D87196B14F}
	EndGlobalSection
EndGlobal
